
Microsoft Visual Studio Solution File, Format Version 12.00
# Visual Studio 15
VisualStudioVersion = 15.0.26730.12
MinimumVisualStudioVersion = 10.0.40219.1
Project("{FAE04EC0-301F-11D3-BF4B-00C04F79EFBC}") = "TestSummerNoteInWPF", "TestSummerNoteInWPF\TestSummerNoteInWPF.csproj", "{0F2E81E6-6079-44F3-8178-C6B2FF841973}"
EndProject
Global
	GlobalSection(SolutionConfigurationPlatforms) = preSolution
		Debug|Any CPU = Debug|Any CPU
		Release|Any CPU = Release|Any CPU
	EndGlobalSection
	GlobalSection(ProjectConfigurationPlatforms) = postSolution
		{0F2E81E6-6079-44F3-8178-C6B2FF841973}.Debug|Any CPU.ActiveCfg = Debug|Any CPU
		{0F2E81E6-6079-44F3-8178-C6B2FF841973}.Debug|Any CPU.Build.0 = Debug|Any CPU
		{0F2E81E6-6079-44F3-8178-C6B2FF841973}.Release|Any CPU.ActiveCfg = Release|Any CPU
		{0F2E81E6-6079-44F3-8178-C6B2FF841973}.Release|Any CPU.Build.0 = Release|Any CPU
	EndGlobalSection
	GlobalSection(SolutionProperties) = preSolution
		HideSolutionNode = FALSE
	EndGlobalSection
	GlobalSection(ExtensibilityGlobals) = postSolution
		SolutionGuid = {46A4036F-9CBB-4A5A-827E-4AC35E3B23C4}
	EndGlobalSection
EndGlobal
